
Microsoft Visual Studio Solution File, Format Version 12.00
# Visual Studio Version 16
VisualStudioVersion = 16.0.31624.102
MinimumVisualStudioVersion = 10.0.40219.1
Project("{2150E333-8FDC-42A3-9474-1A3956D46DE8}") = "src", "src", "{3090CD93-977E-436F-936C-B2A7B9E8761E}"
EndProject
Project("{FAE04EC0-301F-11D3-BF4B-00C04F79EFBC}") = "DesignPatterns.Singleton", "src\DesignPatterns.Singleton\DesignPatterns.Singleton.csproj", "{D4C84D69-16FF-4B09-9F21-7300180C8109}"
EndProject
Global
	GlobalSection(SolutionConfigurationPlatforms) = preSolution
		Debug|Any CPU = Debug|Any CPU
		Release|Any CPU = Release|Any CPU
	EndGlobalSection
	GlobalSection(ProjectConfigurationPlatforms) = postSolution
		{D4C84D69-16FF-4B09-9F21-7300180C8109}.Debug|Any CPU.ActiveCfg = Debug|Any CPU
		{D4C84D69-16FF-4B09-9F21-7300180C8109}.Debug|Any CPU.Build.0 = Debug|Any CPU
		{D4C84D69-16FF-4B09-9F21-7300180C8109}.Release|Any CPU.ActiveCfg = Release|Any CPU
		{D4C84D69-16FF-4B09-9F21-7300180C8109}.Release|Any CPU.Build.0 = Release|Any CPU
	EndGlobalSection
	GlobalSection(SolutionProperties) = preSolution
		HideSolutionNode = FALSE
	EndGlobalSection
	GlobalSection(NestedProjects) = preSolution
		{D4C84D69-16FF-4B09-9F21-7300180C8109} = {3090CD93-977E-436F-936C-B2A7B9E8761E}
	EndGlobalSection
	GlobalSection(ExtensibilityGlobals) = postSolution
		SolutionGuid = {4D48399E-FE4B-4888-8358-20FADCA90B00}
	EndGlobalSection
EndGlobal
